
Microsoft Visual Studio Solution File, Format Version 12.00
# Visual Studio Version 17
VisualStudioVersion = 17.9.34728.123
MinimumVisualStudioVersion = 10.0.40219.1
Project("{FAE04EC0-301F-11D3-BF4B-00C04F79EFBC}") = "WebProject1", "WebProject1.csproj", "{36422E75-29D0-49DF-AE6B-59AEAEC7FACD}"
EndProject
Global
	GlobalSection(SolutionConfigurationPlatforms) = preSolution
		Debug|Any CPU = Debug|Any CPU
		Release|Any CPU = Release|Any CPU
	EndGlobalSection
	GlobalSection(ProjectConfigurationPlatforms) = postSolution
		{36422E75-29D0-49DF-AE6B-59AEAEC7FACD}.Debug|Any CPU.ActiveCfg = Debug|Any CPU
		{36422E75-29D0-49DF-AE6B-59AEAEC7FACD}.Debug|Any CPU.Build.0 = Debug|Any CPU
		{36422E75-29D0-49DF-AE6B-59AEAEC7FACD}.Release|Any CPU.ActiveCfg = Release|Any CPU
		{36422E75-29D0-49DF-AE6B-59AEAEC7FACD}.Release|Any CPU.Build.0 = Release|Any CPU
	EndGlobalSection
	GlobalSection(SolutionProperties) = preSolution
		HideSolutionNode = FALSE
	EndGlobalSection
	GlobalSection(ExtensibilityGlobals) = postSolution
		SolutionGuid = {EF4F9382-4222-4D1C-80C8-26A658752F07}
	EndGlobalSection
EndGlobal
